
Microsoft Visual Studio Solution File, Format Version 12.00
# Visual Studio Version 16
VisualStudioVersion = 16.0.33214.272
MinimumVisualStudioVersion = 10.0.40219.1
Project("{9A19103F-16F7-4668-BE54-9A1E7A4F7556}") = "Mission05_kizyy", "Mission05_kizyy\Mission05_kizyy.csproj", "{4E5CC126-45AB-4AE3-964E-E6EAC2437F79}"
EndProject
Global
	GlobalSection(SolutionConfigurationPlatforms) = preSolution
		Debug|Any CPU = Debug|Any CPU
		Release|Any CPU = Release|Any CPU
	EndGlobalSection
	GlobalSection(ProjectConfigurationPlatforms) = postSolution
		{4E5CC126-45AB-4AE3-964E-E6EAC2437F79}.Debug|Any CPU.ActiveCfg = Debug|Any CPU
		{4E5CC126-45AB-4AE3-964E-E6EAC2437F79}.Debug|Any CPU.Build.0 = Debug|Any CPU
		{4E5CC126-45AB-4AE3-964E-E6EAC2437F79}.Release|Any CPU.ActiveCfg = Release|Any CPU
		{4E5CC126-45AB-4AE3-964E-E6EAC2437F79}.Release|Any CPU.Build.0 = Release|Any CPU
	EndGlobalSection
	GlobalSection(SolutionProperties) = preSolution
		HideSolutionNode = FALSE
	EndGlobalSection
	GlobalSection(ExtensibilityGlobals) = postSolution
		SolutionGuid = {1B3736CC-5E8F-4EA3-B128-8483D4F43AFD}
	EndGlobalSection
EndGlobal
